// !$*UTF8*$!
{
	archiveVersion = 1;
	classes = {
	};
	objectVersion = 48;
	objects = {

/* Begin PBXBuildFile section */
		3F457049202CE4BB005CA8B4 /* AppDelegate.swift in Sources */ = {isa = PBXBuildFile; fileRef = 3F457048202CE4BB005CA8B4 /* AppDelegate.swift */; };
		3F457050202CE4BB005CA8B4 /* Assets.xcassets in Resources */ = {isa = PBXBuildFile; fileRef = 3F45704F202CE4BB005CA8B4 /* Assets.xcassets */; };
		3F45705E202CE4BB005CA8B4 /* WesterosTests.swift in Sources */ = {isa = PBXBuildFile; fileRef = 3F45705D202CE4BB005CA8B4 /* WesterosTests.swift */; };
		3F457069202CF00D005CA8B4 /* HouseTests.swift in Sources */ = {isa = PBXBuildFile; fileRef = 3F457068202CF00D005CA8B4 /* HouseTests.swift */; };
		3F74D8AB203B68CC00322988 /* MemberListViewController.swift in Sources */ = {isa = PBXBuildFile; fileRef = 3F74D8A9203B68CC00322988 /* MemberListViewController.swift */; };
		3F74D8AC203B68CC00322988 /* MemberListViewController.xib in Resources */ = {isa = PBXBuildFile; fileRef = 3F74D8AA203B68CC00322988 /* MemberListViewController.xib */; };
		3F7DF5522047783D00C87B95 /* SeasonListViewController.swift in Sources */ = {isa = PBXBuildFile; fileRef = 3F7DF5502047783D00C87B95 /* SeasonListViewController.swift */; };
		3F7DF5532047783D00C87B95 /* SeasonListViewController.xib in Resources */ = {isa = PBXBuildFile; fileRef = 3F7DF5512047783D00C87B95 /* SeasonListViewController.xib */; };
		3F7DF55620477C5200C87B95 /* SeasonDetailViewController.swift in Sources */ = {isa = PBXBuildFile; fileRef = 3F7DF55420477C5200C87B95 /* SeasonDetailViewController.swift */; };
		3F7DF55720477C5200C87B95 /* SeasonDetailViewController.xib in Resources */ = {isa = PBXBuildFile; fileRef = 3F7DF55520477C5200C87B95 /* SeasonDetailViewController.xib */; };
		3F9675702046228D00CA9776 /* SeasonTests.swift in Sources */ = {isa = PBXBuildFile; fileRef = 3F96756F2046228D00CA9776 /* SeasonTests.swift */; };
		3F967572204622FB00CA9776 /* EpisodeTests.swift in Sources */ = {isa = PBXBuildFile; fileRef = 3F967571204622FB00CA9776 /* EpisodeTests.swift */; };
		3F967574204624F400CA9776 /* Episode.swift in Sources */ = {isa = PBXBuildFile; fileRef = 3F967573204624F400CA9776 /* Episode.swift */; };
		3F967576204626B200CA9776 /* Season.swift in Sources */ = {isa = PBXBuildFile; fileRef = 3F967575204626B200CA9776 /* Season.swift */; };
		3FA9484220338A9E0067E308 /* codeIsComing.png in Resources */ = {isa = PBXBuildFile; fileRef = 3FA9483F20338A9E0067E308 /* codeIsComing.png */; };
		3FA9484320338A9E0067E308 /* lannister.jpg in Resources */ = {isa = PBXBuildFile; fileRef = 3FA9484020338A9E0067E308 /* lannister.jpg */; };
		3FA9484420338A9E0067E308 /* targaryenSmall.jpg in Resources */ = {isa = PBXBuildFile; fileRef = 3FA9484120338A9E0067E308 /* targaryenSmall.jpg */; };
		3FA9484D2033AF250067E308 /* PersonTests.swift in Sources */ = {isa = PBXBuildFile; fileRef = 3FA9484C2033AF250067E308 /* PersonTests.swift */; };
		3FA9484F2033AF5F0067E308 /* RepositoryTests.swift in Sources */ = {isa = PBXBuildFile; fileRef = 3FA9484E2033AF5F0067E308 /* RepositoryTests.swift */; };
		3FC6A9B520370F3700172A14 /* UIViewController+Additions.swift in Sources */ = {isa = PBXBuildFile; fileRef = 3FC6A9B420370F3700172A14 /* UIViewController+Additions.swift */; };
		3FC6A9BA20370F4F00172A14 /* WikiViewController.swift in Sources */ = {isa = PBXBuildFile; fileRef = 3FC6A9B620370F4E00172A14 /* WikiViewController.swift */; };
		3FC6A9BB20370F4F00172A14 /* HouseListViewController.swift in Sources */ = {isa = PBXBuildFile; fileRef = 3FC6A9B720370F4F00172A14 /* HouseListViewController.swift */; };
		3FC6A9BC20370F4F00172A14 /* WikiViewController.xib in Resources */ = {isa = PBXBuildFile; fileRef = 3FC6A9B820370F4F00172A14 /* WikiViewController.xib */; };
		3FC6A9BD20370F4F00172A14 /* HouseListViewController.xib in Resources */ = {isa = PBXBuildFile; fileRef = 3FC6A9B920370F4F00172A14 /* HouseListViewController.xib */; };
		3FC6A9C120370F6800172A14 /* Person.swift in Sources */ = {isa = PBXBuildFile; fileRef = 3FC6A9BE20370F6800172A14 /* Person.swift */; };
		3FC6A9C220370F6800172A14 /* Repository.swift in Sources */ = {isa = PBXBuildFile; fileRef = 3FC6A9BF20370F6800172A14 /* Repository.swift */; };
		3FC6A9C320370F6800172A14 /* House.swift in Sources */ = {isa = PBXBuildFile; fileRef = 3FC6A9C020370F6800172A14 /* House.swift */; };
		3FD7ADA22048CD96006BA793 /* EpisodeListViewController.swift in Sources */ = {isa = PBXBuildFile; fileRef = 3FD7ADA02048CD96006BA793 /* EpisodeListViewController.swift */; };
		3FD7ADA32048CD96006BA793 /* EpisodeListViewController.xib in Resources */ = {isa = PBXBuildFile; fileRef = 3FD7ADA12048CD96006BA793 /* EpisodeListViewController.xib */; };
		499A4C2F2038FF110031E86E /* HouseDetailViewController.swift in Sources */ = {isa = PBXBuildFile; fileRef = 499A4C2D2038FF110031E86E /* HouseDetailViewController.swift */; };
		499A4C302038FF110031E86E /* HouseDetailViewController.xib in Resources */ = {isa = PBXBuildFile; fileRef = 499A4C2E2038FF110031E86E /* HouseDetailViewController.xib */; };
		49A15BEF2038EE440061F3C0 /* LaunchScreen.storyboard.xml in Resources */ = {isa = PBXBuildFile; fileRef = 49A15BED2038EE430061F3C0 /* LaunchScreen.storyboard.xml */; };
/* End PBXBuildFile section */

/* Begin PBXContainerItemProxy section */
		3F45705A202CE4BB005CA8B4 /* PBXContainerItemProxy */ = {
			isa = PBXContainerItemProxy;
			containerPortal = 3F45703D202CE4BA005CA8B4 /* Project object */;
			proxyType = 1;
			remoteGlobalIDString = 3F457044202CE4BA005CA8B4;
			remoteInfo = Westeros;
		};
/* End PBXContainerItemProxy section */

/* Begin PBXFileReference section */
		3F457045202CE4BB005CA8B4 /* Westeros.app */ = {isa = PBXFileReference; explicitFileType = wrapper.application; includeInIndex = 0; path = Westeros.app; sourceTree = BUILT_PRODUCTS_DIR; };
		3F457048202CE4BB005CA8B4 /* AppDelegate.swift */ = {isa = PBXFileReference; lastKnownFileType = sourcecode.swift; path = AppDelegate.swift; sourceTree = "<group>"; };
		3F45704F202CE4BB005CA8B4 /* Assets.xcassets */ = {isa = PBXFileReference; lastKnownFileType = folder.assetcatalog; path = Assets.xcassets; sourceTree = "<group>"; };
		3F457054202CE4BB005CA8B4 /* Info.plist */ = {isa = PBXFileReference; lastKnownFileType = text.plist.xml; path = Info.plist; sourceTree = "<group>"; };
		3F457059202CE4BB005CA8B4 /* WesterosTests.xctest */ = {isa = PBXFileReference; explicitFileType = wrapper.cfbundle; includeInIndex = 0; path = WesterosTests.xctest; sourceTree = BUILT_PRODUCTS_DIR; };
		3F45705D202CE4BB005CA8B4 /* WesterosTests.swift */ = {isa = PBXFileReference; lastKnownFileType = sourcecode.swift; path = WesterosTests.swift; sourceTree = "<group>"; };
		3F45705F202CE4BB005CA8B4 /* Info.plist */ = {isa = PBXFileReference; lastKnownFileType = text.plist.xml; path = Info.plist; sourceTree = "<group>"; };
		3F457068202CF00D005CA8B4 /* HouseTests.swift */ = {isa = PBXFileReference; fileEncoding = 4; lastKnownFileType = sourcecode.swift; path = HouseTests.swift; sourceTree = "<group>"; };
		3F74D8A9203B68CC00322988 /* MemberListViewController.swift */ = {isa = PBXFileReference; lastKnownFileType = sourcecode.swift; path = MemberListViewController.swift; sourceTree = "<group>"; };
		3F74D8AA203B68CC00322988 /* MemberListViewController.xib */ = {isa = PBXFileReference; lastKnownFileType = file.xib; path = MemberListViewController.xib; sourceTree = "<group>"; };
		3F7DF5502047783D00C87B95 /* SeasonListViewController.swift */ = {isa = PBXFileReference; lastKnownFileType = sourcecode.swift; path = SeasonListViewController.swift; sourceTree = "<group>"; };
		3F7DF5512047783D00C87B95 /* SeasonListViewController.xib */ = {isa = PBXFileReference; lastKnownFileType = file.xib; path = SeasonListViewController.xib; sourceTree = "<group>"; };
		3F7DF55420477C5200C87B95 /* SeasonDetailViewController.swift */ = {isa = PBXFileReference; lastKnownFileType = sourcecode.swift; path = SeasonDetailViewController.swift; sourceTree = "<group>"; };
		3F7DF55520477C5200C87B95 /* SeasonDetailViewController.xib */ = {isa = PBXFileReference; lastKnownFileType = file.xib; path = SeasonDetailViewController.xib; sourceTree = "<group>"; };
		3F96756F2046228D00CA9776 /* SeasonTests.swift */ = {isa = PBXFileReference; lastKnownFileType = sourcecode.swift; path = SeasonTests.swift; sourceTree = "<group>"; };
		3F967571204622FB00CA9776 /* EpisodeTests.swift */ = {isa = PBXFileReference; lastKnownFileType = sourcecode.swift; path = EpisodeTests.swift; sourceTree = "<group>"; };
		3F967573204624F400CA9776 /* Episode.swift */ = {isa = PBXFileReference; lastKnownFileType = sourcecode.swift; path = Episode.swift; sourceTree = "<group>"; };
		3F967575204626B200CA9776 /* Season.swift */ = {isa = PBXFileReference; lastKnownFileType = sourcecode.swift; path = Season.swift; sourceTree = "<group>"; };
		3FA9483F20338A9E0067E308 /* codeIsComing.png */ = {isa = PBXFileReference; lastKnownFileType = image.png; name = codeIsComing.png; path = Assets/codeIsComing.png; sourceTree = "<group>"; };
		3FA9484020338A9E0067E308 /* lannister.jpg */ = {isa = PBXFileReference; lastKnownFileType = image.jpeg; name = lannister.jpg; path = Assets/lannister.jpg; sourceTree = "<group>"; };
		3FA9484120338A9E0067E308 /* targaryenSmall.jpg */ = {isa = PBXFileReference; lastKnownFileType = image.jpeg; name = targaryenSmall.jpg; path = Assets/targaryenSmall.jpg; sourceTree = "<group>"; };
		3FA9484C2033AF250067E308 /* PersonTests.swift */ = {isa = PBXFileReference; fileEncoding = 4; lastKnownFileType = sourcecode.swift; path = PersonTests.swift; sourceTree = "<group>"; };
		3FA9484E2033AF5F0067E308 /* RepositoryTests.swift */ = {isa = PBXFileReference; fileEncoding = 4; lastKnownFileType = sourcecode.swift; path = RepositoryTests.swift; sourceTree = "<group>"; };
		3FC6A9B420370F3700172A14 /* UIViewController+Additions.swift */ = {isa = PBXFileReference; fileEncoding = 4; lastKnownFileType = sourcecode.swift; name = "UIViewController+Additions.swift"; path = "UIKitExtensions/UIViewController+Additions.swift"; sourceTree = "<group>"; };
		3FC6A9B620370F4E00172A14 /* WikiViewController.swift */ = {isa = PBXFileReference; fileEncoding = 4; lastKnownFileType = sourcecode.swift; name = WikiViewController.swift; path = Controllers/WikiViewController.swift; sourceTree = "<group>"; };
		3FC6A9B720370F4F00172A14 /* HouseListViewController.swift */ = {isa = PBXFileReference; fileEncoding = 4; lastKnownFileType = sourcecode.swift; name = HouseListViewController.swift; path = Controllers/HouseListViewController.swift; sourceTree = "<group>"; };
		3FC6A9B820370F4F00172A14 /* WikiViewController.xib */ = {isa = PBXFileReference; fileEncoding = 4; lastKnownFileType = file.xib; name = WikiViewController.xib; path = Controllers/WikiViewController.xib; sourceTree = "<group>"; };
		3FC6A9B920370F4F00172A14 /* HouseListViewController.xib */ = {isa = PBXFileReference; fileEncoding = 4; lastKnownFileType = file.xib; name = HouseListViewController.xib; path = Controllers/HouseListViewController.xib; sourceTree = "<group>"; };
		3FC6A9BE20370F6800172A14 /* Person.swift */ = {isa = PBXFileReference; fileEncoding = 4; lastKnownFileType = sourcecode.swift; name = Person.swift; path = Domain/Person.swift; sourceTree = "<group>"; };
		3FC6A9BF20370F6800172A14 /* Repository.swift */ = {isa = PBXFileReference; fileEncoding = 4; lastKnownFileType = sourcecode.swift; name = Repository.swift; path = Domain/Repository.swift; sourceTree = "<group>"; };
		3FC6A9C020370F6800172A14 /* House.swift */ = {isa = PBXFileReference; fileEncoding = 4; lastKnownFileType = sourcecode.swift; name = House.swift; path = Domain/House.swift; sourceTree = "<group>"; };
		3FD7ADA02048CD96006BA793 /* EpisodeListViewController.swift */ = {isa = PBXFileReference; lastKnownFileType = sourcecode.swift; path = EpisodeListViewController.swift; sourceTree = "<group>"; };
		3FD7ADA12048CD96006BA793 /* EpisodeListViewController.xib */ = {isa = PBXFileReference; lastKnownFileType = file.xib; path = EpisodeListViewController.xib; sourceTree = "<group>"; };
		499A4C2D2038FF110031E86E /* HouseDetailViewController.swift */ = {isa = PBXFileReference; fileEncoding = 4; lastKnownFileType = sourcecode.swift; name = HouseDetailViewController.swift; path = Controllers/HouseDetailViewController.swift; sourceTree = "<group>"; };
		499A4C2E2038FF110031E86E /* HouseDetailViewController.xib */ = {isa = PBXFileReference; fileEncoding = 4; lastKnownFileType = file.xib; name = HouseDetailViewController.xib; path = Controllers/HouseDetailViewController.xib; sourceTree = "<group>"; };
		49A15BEE2038EE430061F3C0 /* Base */ = {isa = PBXFileReference; lastKnownFileType = text.xml; name = Base; path = Base.lproj/LaunchScreen.storyboard.xml; sourceTree = "<group>"; };
/* End PBXFileReference section */

/* Begin PBXFrameworksBuildPhase section */
		3F457042202CE4BA005CA8B4 /* Frameworks */ = {
			isa = PBXFrameworksBuildPhase;
			buildActionMask = 2147483647;
			files = (
			);
			runOnlyForDeploymentPostprocessing = 0;
		};
		3F457056202CE4BB005CA8B4 /* Frameworks */ = {
			isa = PBXFrameworksBuildPhase;
			buildActionMask = 2147483647;
			files = (
			);
			runOnlyForDeploymentPostprocessing = 0;
		};
/* End PBXFrameworksBuildPhase section */

/* Begin PBXGroup section */
		3F45703C202CE4BA005CA8B4 = {
			isa = PBXGroup;
			children = (
				3F457047202CE4BB005CA8B4 /* Westeros */,
				3F45705C202CE4BB005CA8B4 /* WesterosTests */,
				3F457046202CE4BB005CA8B4 /* Products */,
			);
			sourceTree = "<group>";
		};
		3F457046202CE4BB005CA8B4 /* Products */ = {
			isa = PBXGroup;
			children = (
				3F457045202CE4BB005CA8B4 /* Westeros.app */,
				3F457059202CE4BB005CA8B4 /* WesterosTests.xctest */,
			);
			name = Products;
			sourceTree = "<group>";
		};
		3F457047202CE4BB005CA8B4 /* Westeros */ = {
			isa = PBXGroup;
			children = (
				3FA9484520338CBD0067E308 /* UIKitExtensions */,
				3FA94839203389C70067E308 /* Controllers */,
				3F45706C202CF86D005CA8B4 /* Domain */,
				3FA9483E20338A830067E308 /* Assets */,
				3F457048202CE4BB005CA8B4 /* AppDelegate.swift */,
				3F45704F202CE4BB005CA8B4 /* Assets.xcassets */,
				3F457054202CE4BB005CA8B4 /* Info.plist */,
				49A15BED2038EE430061F3C0 /* LaunchScreen.storyboard.xml */,
			);
			path = Westeros;
			sourceTree = "<group>";
		};
		3F45705C202CE4BB005CA8B4 /* WesterosTests */ = {
			isa = PBXGroup;
			children = (
				3F45705D202CE4BB005CA8B4 /* WesterosTests.swift */,
				3F45705F202CE4BB005CA8B4 /* Info.plist */,
				3F457068202CF00D005CA8B4 /* HouseTests.swift */,
				3FA9484C2033AF250067E308 /* PersonTests.swift */,
				3FA9484E2033AF5F0067E308 /* RepositoryTests.swift */,
				3F96756F2046228D00CA9776 /* SeasonTests.swift */,
				3F967571204622FB00CA9776 /* EpisodeTests.swift */,
			);
			path = WesterosTests;
			sourceTree = "<group>";
		};
		3F45706C202CF86D005CA8B4 /* Domain */ = {
			isa = PBXGroup;
			children = (
				3FC6A9C020370F6800172A14 /* House.swift */,
				3FC6A9BE20370F6800172A14 /* Person.swift */,
				3FC6A9BF20370F6800172A14 /* Repository.swift */,
				3F967573204624F400CA9776 /* Episode.swift */,
				3F967575204626B200CA9776 /* Season.swift */,
			);
			name = Domain;
			sourceTree = "<group>";
		};
		3FA94839203389C70067E308 /* Controllers */ = {
			isa = PBXGroup;
			children = (
				499A4C2D2038FF110031E86E /* HouseDetailViewController.swift */,
				499A4C2E2038FF110031E86E /* HouseDetailViewController.xib */,
				3FC6A9B720370F4F00172A14 /* HouseListViewController.swift */,
				3FC6A9B920370F4F00172A14 /* HouseListViewController.xib */,
				3FC6A9B620370F4E00172A14 /* WikiViewController.swift */,
				3FC6A9B820370F4F00172A14 /* WikiViewController.xib */,
				3F74D8A9203B68CC00322988 /* MemberListViewController.swift */,
				3F74D8AA203B68CC00322988 /* MemberListViewController.xib */,
				3F7DF5502047783D00C87B95 /* SeasonListViewController.swift */,
				3F7DF5512047783D00C87B95 /* SeasonListViewController.xib */,
				3F7DF55420477C5200C87B95 /* SeasonDetailViewController.swift */,
				3F7DF55520477C5200C87B95 /* SeasonDetailViewController.xib */,
				3FD7ADA02048CD96006BA793 /* EpisodeListViewController.swift */,
				3FD7ADA12048CD96006BA793 /* EpisodeListViewController.xib */,
			);
			name = Controllers;
			sourceTree = "<group>";
		};
		3FA9483E20338A830067E308 /* Assets */ = {
			isa = PBXGroup;
			children = (
				3FA9483F20338A9E0067E308 /* codeIsComing.png */,
				3FA9484020338A9E0067E308 /* lannister.jpg */,
				3FA9484120338A9E0067E308 /* targaryenSmall.jpg */,
			);
			name = Assets;
			sourceTree = "<group>";
		};
		3FA9484520338CBD0067E308 /* UIKitExtensions */ = {
			isa = PBXGroup;
			children = (
				3FC6A9B420370F3700172A14 /* UIViewController+Additions.swift */,
			);
			name = UIKitExtensions;
			sourceTree = "<group>";
		};
/* End PBXGroup section */

/* Begin PBXNativeTarget section */
		3F457044202CE4BA005CA8B4 /* Westeros */ = {
			isa = PBXNativeTarget;
			buildConfigurationList = 3F457062202CE4BB005CA8B4 /* Build configuration list for PBXNativeTarget "Westeros" */;
			buildPhases = (
				3F457041202CE4BA005CA8B4 /* Sources */,
				3F457042202CE4BA005CA8B4 /* Frameworks */,
				3F457043202CE4BA005CA8B4 /* Resources */,
			);
			buildRules = (
			);
			dependencies = (
			);
			name = Westeros;
			productName = Westeros;
			productReference = 3F457045202CE4BB005CA8B4 /* Westeros.app */;
			productType = "com.apple.product-type.application";
		};
		3F457058202CE4BB005CA8B4 /* WesterosTests */ = {
			isa = PBXNativeTarget;
			buildConfigurationList = 3F457065202CE4BB005CA8B4 /* Build configuration list for PBXNativeTarget "WesterosTests" */;
			buildPhases = (
				3F457055202CE4BB005CA8B4 /* Sources */,
				3F457056202CE4BB005CA8B4 /* Frameworks */,
				3F457057202CE4BB005CA8B4 /* Resources */,
			);
			buildRules = (
			);
			dependencies = (
				3F45705B202CE4BB005CA8B4 /* PBXTargetDependency */,
			);
			name = WesterosTests;
			productName = WesterosTests;
			productReference = 3F457059202CE4BB005CA8B4 /* WesterosTests.xctest */;
			productType = "com.apple.product-type.bundle.unit-test";
		};
/* End PBXNativeTarget section */

/* Begin PBXProject section */
		3F45703D202CE4BA005CA8B4 /* Project object */ = {
			isa = PBXProject;
			attributes = {
				LastSwiftUpdateCheck = 0820;
				LastUpgradeCheck = 0920;
				ORGANIZATIONNAME = "Sergio Cabrera Hernández";
				TargetAttributes = {
					3F457044202CE4BA005CA8B4 = {
						CreatedOnToolsVersion = 8.2.1;
						ProvisioningStyle = Automatic;
					};
					3F457058202CE4BB005CA8B4 = {
						CreatedOnToolsVersion = 8.2.1;
						ProvisioningStyle = Automatic;
						TestTargetID = 3F457044202CE4BA005CA8B4;
					};
				};
			};
			buildConfigurationList = 3F457040202CE4BA005CA8B4 /* Build configuration list for PBXProject "Westeros" */;
			compatibilityVersion = "Xcode 8.0";
			developmentRegion = English;
			hasScannedForEncodings = 0;
			knownRegions = (
				en,
				Base,
			);
			mainGroup = 3F45703C202CE4BA005CA8B4;
			productRefGroup = 3F457046202CE4BB005CA8B4 /* Products */;
			projectDirPath = "";
			projectRoot = "";
			targets = (
				3F457044202CE4BA005CA8B4 /* Westeros */,
				3F457058202CE4BB005CA8B4 /* WesterosTests */,
			);
		};
/* End PBXProject section */

/* Begin PBXResourcesBuildPhase section */
		3F457043202CE4BA005CA8B4 /* Resources */ = {
			isa = PBXResourcesBuildPhase;
			buildActionMask = 2147483647;
			files = (
				3FC6A9BC20370F4F00172A14 /* WikiViewController.xib in Resources */,
				3FA9484420338A9E0067E308 /* targaryenSmall.jpg in Resources */,
				3F7DF55720477C5200C87B95 /* SeasonDetailViewController.xib in Resources */,
				3FC6A9BD20370F4F00172A14 /* HouseListViewController.xib in Resources */,
				3F457050202CE4BB005CA8B4 /* Assets.xcassets in Resources */,
				3F7DF5532047783D00C87B95 /* SeasonListViewController.xib in Resources */,
				3FD7ADA32048CD96006BA793 /* EpisodeListViewController.xib in Resources */,
				3F74D8AC203B68CC00322988 /* MemberListViewController.xib in Resources */,
				499A4C302038FF110031E86E /* HouseDetailViewController.xib in Resources */,
				49A15BEF2038EE440061F3C0 /* LaunchScreen.storyboard.xml in Resources */,
				3FA9484320338A9E0067E308 /* lannister.jpg in Resources */,
				3FA9484220338A9E0067E308 /* codeIsComing.png in Resources */,
			);
			runOnlyForDeploymentPostprocessing = 0;
		};
		3F457057202CE4BB005CA8B4 /* Resources */ = {
			isa = PBXResourcesBuildPhase;
			buildActionMask = 2147483647;
			files = (
			);
			runOnlyForDeploymentPostprocessing = 0;
		};
/* End PBXResourcesBuildPhase section */

/* Begin PBXSourcesBuildPhase section */
		3F457041202CE4BA005CA8B4 /* Sources */ = {
			isa = PBXSourcesBuildPhase;
			buildActionMask = 2147483647;
			files = (
				499A4C2F2038FF110031E86E /* HouseDetailViewController.swift in Sources */,
				3FC6A9C220370F6800172A14 /* Repository.swift in Sources */,
				3F7DF55620477C5200C87B95 /* SeasonDetailViewController.swift in Sources */,
				3FC6A9C120370F6800172A14 /* Person.swift in Sources */,
				3F967574204624F400CA9776 /* Episode.swift in Sources */,
				3FC6A9C320370F6800172A14 /* House.swift in Sources */,
				3F967576204626B200CA9776 /* Season.swift in Sources */,
				3F7DF5522047783D00C87B95 /* SeasonListViewController.swift in Sources */,
				3FD7ADA22048CD96006BA793 /* EpisodeListViewController.swift in Sources */,
				3FC6A9B520370F3700172A14 /* UIViewController+Additions.swift in Sources */,
				3F457049202CE4BB005CA8B4 /* AppDelegate.swift in Sources */,
				3FC6A9BA20370F4F00172A14 /* WikiViewController.swift in Sources */,
				3FC6A9BB20370F4F00172A14 /* HouseListViewController.swift in Sources */,
				3F74D8AB203B68CC00322988 /* MemberListViewController.swift in Sources */,
			);
			runOnlyForDeploymentPostprocessing = 0;
		};
		3F457055202CE4BB005CA8B4 /* Sources */ = {
			isa = PBXSourcesBuildPhase;
			buildActionMask = 2147483647;
			files = (
				3F9675702046228D00CA9776 /* SeasonTests.swift in Sources */,
				3F457069202CF00D005CA8B4 /* HouseTests.swift in Sources */,
				3FA9484D2033AF250067E308 /* PersonTests.swift in Sources */,
				3F45705E202CE4BB005CA8B4 /* WesterosTests.swift in Sources */,
				3FA9484F2033AF5F0067E308 /* RepositoryTests.swift in Sources */,
				3F967572204622FB00CA9776 /* EpisodeTests.swift in Sources */,
			);
			runOnlyForDeploymentPostprocessing = 0;
		};
/* End PBXSourcesBuildPhase section */

/* Begin PBXTargetDependency section */
		3F45705B202CE4BB005CA8B4 /* PBXTargetDependency */ = {
			isa = PBXTargetDependency;
			target = 3F457044202CE4BA005CA8B4 /* Westeros */;
			targetProxy = 3F45705A202CE4BB005CA8B4 /* PBXContainerItemProxy */;
		};
/* End PBXTargetDependency section */

/* Begin PBXVariantGroup section */
		49A15BED2038EE430061F3C0 /* LaunchScreen.storyboard.xml */ = {
			isa = PBXVariantGroup;
			children = (
				49A15BEE2038EE430061F3C0 /* Base */,
			);
			name = LaunchScreen.storyboard.xml;
			sourceTree = "<group>";
		};
/* End PBXVariantGroup section */

/* Begin XCBuildConfiguration section */
		3F457060202CE4BB005CA8B4 /* Debug */ = {
			isa = XCBuildConfiguration;
			buildSettings = {
				ALWAYS_SEARCH_USER_PATHS = NO;
				CLANG_ANALYZER_NONNULL = YES;
				CLANG_CXX_LANGUAGE_STANDARD = "gnu++0x";
				CLANG_CXX_LIBRARY = "libc++";
				CLANG_ENABLE_MODULES = YES;
				CLANG_ENABLE_OBJC_ARC = YES;
				CLANG_WARN_BLOCK_CAPTURE_AUTORELEASING = YES;
				CLANG_WARN_BOOL_CONVERSION = YES;
				CLANG_WARN_COMMA = YES;
				CLANG_WARN_CONSTANT_CONVERSION = YES;
				CLANG_WARN_DIRECT_OBJC_ISA_USAGE = YES_ERROR;
				CLANG_WARN_DOCUMENTATION_COMMENTS = YES;
				CLANG_WARN_EMPTY_BODY = YES;
				CLANG_WARN_ENUM_CONVERSION = YES;
				CLANG_WARN_INFINITE_RECURSION = YES;
				CLANG_WARN_INT_CONVERSION = YES;
				CLANG_WARN_NON_LITERAL_NULL_CONVERSION = YES;
				CLANG_WARN_OBJC_LITERAL_CONVERSION = YES;
				CLANG_WARN_OBJC_ROOT_CLASS = YES_ERROR;
				CLANG_WARN_RANGE_LOOP_ANALYSIS = YES;
				CLANG_WARN_STRICT_PROTOTYPES = YES;
				CLANG_WARN_SUSPICIOUS_MOVE = YES;
				CLANG_WARN_UNREACHABLE_CODE = YES;
				CLANG_WARN__DUPLICATE_METHOD_MATCH = YES;
				"CODE_SIGN_IDENTITY[sdk=iphoneos*]" = "iPhone Developer";
				COPY_PHASE_STRIP = NO;
				DEBUG_INFORMATION_FORMAT = dwarf;
				ENABLE_STRICT_OBJC_MSGSEND = YES;
				ENABLE_TESTABILITY = YES;
				GCC_C_LANGUAGE_STANDARD = gnu99;
				GCC_DYNAMIC_NO_PIC = NO;
				GCC_NO_COMMON_BLOCKS = YES;
				GCC_OPTIMIZATION_LEVEL = 0;
				GCC_PREPROCESSOR_DEFINITIONS = (
					"DEBUG=1",
					"$(inherited)",
				);
				GCC_WARN_64_TO_32_BIT_CONVERSION = YES;
				GCC_WARN_ABOUT_RETURN_TYPE = YES_ERROR;
				GCC_WARN_UNDECLARED_SELECTOR = YES;
				GCC_WARN_UNINITIALIZED_AUTOS = YES_AGGRESSIVE;
				GCC_WARN_UNUSED_FUNCTION = YES;
				GCC_WARN_UNUSED_VARIABLE = YES;
				IPHONEOS_DEPLOYMENT_TARGET = 11.2;
				MTL_ENABLE_DEBUG_INFO = YES;
				ONLY_ACTIVE_ARCH = YES;
				SDKROOT = iphoneos;
				SWIFT_ACTIVE_COMPILATION_CONDITIONS = DEBUG;
				SWIFT_OPTIMIZATION_LEVEL = "-Onone";
			};
			name = Debug;
		};
		3F457061202CE4BB005CA8B4 /* Release */ = {
			isa = XCBuildConfiguration;
			buildSettings = {
				ALWAYS_SEARCH_USER_PATHS = NO;
				CLANG_ANALYZER_NONNULL = YES;
				CLANG_CXX_LANGUAGE_STANDARD = "gnu++0x";
				CLANG_CXX_LIBRARY = "libc++";
				CLANG_ENABLE_MODULES = YES;
				CLANG_ENABLE_OBJC_ARC = YES;
				CLANG_WARN_BLOCK_CAPTURE_AUTORELEASING = YES;
				CLANG_WARN_BOOL_CONVERSION = YES;
				CLANG_WARN_COMMA = YES;
				CLANG_WARN_CONSTANT_CONVERSION = YES;
				CLANG_WARN_DIRECT_OBJC_ISA_USAGE = YES_ERROR;
				CLANG_WARN_DOCUMENTATION_COMMENTS = YES;
				CLANG_WARN_EMPTY_BODY = YES;
				CLANG_WARN_ENUM_CONVERSION = YES;
				CLANG_WARN_INFINITE_RECURSION = YES;
				CLANG_WARN_INT_CONVERSION = YES;
				CLANG_WARN_NON_LITERAL_NULL_CONVERSION = YES;
				CLANG_WARN_OBJC_LITERAL_CONVERSION = YES;
				CLANG_WARN_OBJC_ROOT_CLASS = YES_ERROR;
				CLANG_WARN_RANGE_LOOP_ANALYSIS = YES;
				CLANG_WARN_STRICT_PROTOTYPES = YES;
				CLANG_WARN_SUSPICIOUS_MOVE = YES;
				CLANG_WARN_UNREACHABLE_CODE = YES;
				CLANG_WARN__DUPLICATE_METHOD_MATCH = YES;
				"CODE_SIGN_IDENTITY[sdk=iphoneos*]" = "iPhone Developer";
				COPY_PHASE_STRIP = NO;
				DEBUG_INFORMATION_FORMAT = "dwarf-with-dsym";
				ENABLE_NS_ASSERTIONS = NO;
				ENABLE_STRICT_OBJC_MSGSEND = YES;
				GCC_C_LANGUAGE_STANDARD = gnu99;
				GCC_NO_COMMON_BLOCKS = YES;
				GCC_WARN_64_TO_32_BIT_CONVERSION = YES;
				GCC_WARN_ABOUT_RETURN_TYPE = YES_ERROR;
				GCC_WARN_UNDECLARED_SELECTOR = YES;
				GCC_WARN_UNINITIALIZED_AUTOS = YES_AGGRESSIVE;
				GCC_WARN_UNUSED_FUNCTION = YES;
				GCC_WARN_UNUSED_VARIABLE = YES;
				IPHONEOS_DEPLOYMENT_TARGET = 11.2;
				MTL_ENABLE_DEBUG_INFO = NO;
				SDKROOT = iphoneos;
				SWIFT_OPTIMIZATION_LEVEL = "-Owholemodule";
				VALIDATE_PRODUCT = YES;
			};
			name = Release;
		};
		3F457063202CE4BB005CA8B4 /* Debug */ = {
			isa = XCBuildConfiguration;
			buildSettings = {
				ASSETCATALOG_COMPILER_APPICON_NAME = AppIcon;
				INFOPLIST_FILE = Westeros/Info.plist;
				LD_RUNPATH_SEARCH_PATHS = "$(inherited) @executable_path/Frameworks";
				PRODUCT_BUNDLE_IDENTIFIER = SCH.Westeros;
				PRODUCT_NAME = "$(TARGET_NAME)";
				SWIFT_VERSION = 4.0;
				TARGETED_DEVICE_FAMILY = "1,2";
			};
			name = Debug;
		};
		3F457064202CE4BB005CA8B4 /* Release */ = {
			isa = XCBuildConfiguration;
			buildSettings = {
				ASSETCATALOG_COMPILER_APPICON_NAME = AppIcon;
				INFOPLIST_FILE = Westeros/Info.plist;
				LD_RUNPATH_SEARCH_PATHS = "$(inherited) @executable_path/Frameworks";
				PRODUCT_BUNDLE_IDENTIFIER = SCH.Westeros;
				PRODUCT_NAME = "$(TARGET_NAME)";
				SWIFT_VERSION = 4.0;
				TARGETED_DEVICE_FAMILY = "1,2";
			};
			name = Release;
		};
		3F457066202CE4BB005CA8B4 /* Debug */ = {
			isa = XCBuildConfiguration;
			buildSettings = {
				ALWAYS_EMBED_SWIFT_STANDARD_LIBRARIES = YES;
				BUNDLE_LOADER = "$(TEST_HOST)";
				INFOPLIST_FILE = WesterosTests/Info.plist;
				LD_RUNPATH_SEARCH_PATHS = "$(inherited) @executable_path/Frameworks @loader_path/Frameworks";
				PRODUCT_BUNDLE_IDENTIFIER = SCH.WesterosTests;
				PRODUCT_NAME = "$(TARGET_NAME)";
				SWIFT_VERSION = 3.0;
				TEST_HOST = "$(BUILT_PRODUCTS_DIR)/Westeros.app/Westeros";
			};
			name = Debug;
		};
		3F457067202CE4BB005CA8B4 /* Release */ = {
			isa = XCBuildConfiguration;
			buildSettings = {
				ALWAYS_EMBED_SWIFT_STANDARD_LIBRARIES = YES;
				BUNDLE_LOADER = "$(TEST_HOST)";
				INFOPLIST_FILE = WesterosTests/Info.plist;
				LD_RUNPATH_SEARCH_PATHS = "$(inherited) @executable_path/Frameworks @loader_path/Frameworks";
				PRODUCT_BUNDLE_IDENTIFIER = SCH.WesterosTests;
				PRODUCT_NAME = "$(TARGET_NAME)";
				SWIFT_VERSION = 3.0;
				TEST_HOST = "$(BUILT_PRODUCTS_DIR)/Westeros.app/Westeros";
			};
			name = Release;
		};
/* End XCBuildConfiguration section */

/* Begin XCConfigurationList section */
		3F457040202CE4BA005CA8B4 /* Build configuration list for PBXProject "Westeros" */ = {
			isa = XCConfigurationList;
			buildConfigurations = (
				3F457060202CE4BB005CA8B4 /* Debug */,
				3F457061202CE4BB005CA8B4 /* Release */,
			);
			defaultConfigurationIsVisible = 0;
			defaultConfigurationName = Release;
		};
		3F457062202CE4BB005CA8B4 /* Build configuration list for PBXNativeTarget "Westeros" */ = {
			isa = XCConfigurationList;
			buildConfigurations = (
				3F457063202CE4BB005CA8B4 /* Debug */,
				3F457064202CE4BB005CA8B4 /* Release */,
			);
			defaultConfigurationIsVisible = 0;
			defaultConfigurationName = Release;
		};
		3F457065202CE4BB005CA8B4 /* Build configuration list for PBXNativeTarget "WesterosTests" */ = {
			isa = XCConfigurationList;
			buildConfigurations = (
				3F457066202CE4BB005CA8B4 /* Debug */,
				3F457067202CE4BB005CA8B4 /* Release */,
			);
			defaultConfigurationIsVisible = 0;
			defaultConfigurationName = Release;
		};
/* End XCConfigurationList section */
	};
	rootObject = 3F45703D202CE4BA005CA8B4 /* Project object */;
}
